
Microsoft Visual Studio Solution File, Format Version 12.00
# Visual Studio 15
VisualStudioVersion = 15.0.27130.2010
MinimumVisualStudioVersion = 10.0.40219.1
Project("{9A19103F-16F7-4668-BE54-9A1E7A4F7556}") = "PerfIt", "src\PerfIt\PerfIt.csproj", "{D5C2F6DB-26E7-415C-89E9-97B4C83E09AB}"
EndProject
Project("{2150E333-8FDC-42A3-9474-1A3956D46DE8}") = "src", "src", "{5AF7DD1A-2D29-4F0F-9CA3-73A87EFC41DC}"
EndProject
Project("{2150E333-8FDC-42A3-9474-1A3956D46DE8}") = "test", "test", "{20A37C8B-4ECF-445A-99A4-AD9E2E6B513C}"
EndProject
Project("{2150E333-8FDC-42A3-9474-1A3956D46DE8}") = "common", "common", "{0AF64064-0911-4D53-9200-817ED7216654}"
	ProjectSection(SolutionItems) = preProject
		src\Common\CommonAssemblyInfo.cs = src\Common\CommonAssemblyInfo.cs
	EndProjectSection
EndProject
Project("{9A19103F-16F7-4668-BE54-9A1E7A4F7556}") = "PerfIt.Tests", "test\PerfIt.Tests\PerfIt.Tests.csproj", "{388E7A75-23D4-484B-8F5B-CA44195C9A0F}"
EndProject
Project("{9A19103F-16F7-4668-BE54-9A1E7A4F7556}") = "PerfIt.Tracers.EventHub", "src\PerfIt.Tracers.EventHub\PerfIt.Tracers.EventHub.csproj", "{FC8A9DDD-9E02-42FA-B8A9-43B4CC648604}"
EndProject
Project("{9A19103F-16F7-4668-BE54-9A1E7A4F7556}") = "PerfIt.WebApi", "src\PerfIt.WebApi\PerfIt.WebApi.csproj", "{BB1B1349-8F1F-45BA-9674-A5789DB7B2BB}"
EndProject
Project("{9A19103F-16F7-4668-BE54-9A1E7A4F7556}") = "PerfIt.WebApi.Tests", "test\PerfIt.WebApi.Tests\PerfIt.WebApi.Tests.csproj", "{C1BE7276-6ADA-4BB7-9E0B-64123FA15D40}"
EndProject
Project("{9A19103F-16F7-4668-BE54-9A1E7A4F7556}") = "PerfIt.Mvc", "src\PerfIt.Mvc\PerfIt.Mvc.csproj", "{C03423FE-6050-427F-B259-C42AD4D8BD9A}"
EndProject
Project("{FAE04EC0-301F-11D3-BF4B-00C04F79EFBC}") = "PerfIt.Http", "src\PerfIt.Http\PerfIt.Http.csproj", "{22D18B41-5F11-4181-B8E6-9B5E0637A739}"
EndProject
Global
	GlobalSection(SolutionConfigurationPlatforms) = preSolution
		Debug|Any CPU = Debug|Any CPU
		Release|Any CPU = Release|Any CPU
	EndGlobalSection
	GlobalSection(ProjectConfigurationPlatforms) = postSolution
		{D5C2F6DB-26E7-415C-89E9-97B4C83E09AB}.Debug|Any CPU.ActiveCfg = Debug|Any CPU
		{D5C2F6DB-26E7-415C-89E9-97B4C83E09AB}.Debug|Any CPU.Build.0 = Debug|Any CPU
		{D5C2F6DB-26E7-415C-89E9-97B4C83E09AB}.Release|Any CPU.ActiveCfg = Release|Any CPU
		{D5C2F6DB-26E7-415C-89E9-97B4C83E09AB}.Release|Any CPU.Build.0 = Release|Any CPU
		{388E7A75-23D4-484B-8F5B-CA44195C9A0F}.Debug|Any CPU.ActiveCfg = Debug|Any CPU
		{388E7A75-23D4-484B-8F5B-CA44195C9A0F}.Debug|Any CPU.Build.0 = Debug|Any CPU
		{388E7A75-23D4-484B-8F5B-CA44195C9A0F}.Release|Any CPU.ActiveCfg = Release|Any CPU
		{388E7A75-23D4-484B-8F5B-CA44195C9A0F}.Release|Any CPU.Build.0 = Release|Any CPU
		{FC8A9DDD-9E02-42FA-B8A9-43B4CC648604}.Debug|Any CPU.ActiveCfg = Debug|Any CPU
		{FC8A9DDD-9E02-42FA-B8A9-43B4CC648604}.Debug|Any CPU.Build.0 = Debug|Any CPU
		{FC8A9DDD-9E02-42FA-B8A9-43B4CC648604}.Release|Any CPU.ActiveCfg = Release|Any CPU
		{FC8A9DDD-9E02-42FA-B8A9-43B4CC648604}.Release|Any CPU.Build.0 = Release|Any CPU
		{BB1B1349-8F1F-45BA-9674-A5789DB7B2BB}.Debug|Any CPU.ActiveCfg = Debug|Any CPU
		{BB1B1349-8F1F-45BA-9674-A5789DB7B2BB}.Debug|Any CPU.Build.0 = Debug|Any CPU
		{BB1B1349-8F1F-45BA-9674-A5789DB7B2BB}.Release|Any CPU.ActiveCfg = Release|Any CPU
		{BB1B1349-8F1F-45BA-9674-A5789DB7B2BB}.Release|Any CPU.Build.0 = Release|Any CPU
		{C1BE7276-6ADA-4BB7-9E0B-64123FA15D40}.Debug|Any CPU.ActiveCfg = Debug|Any CPU
		{C1BE7276-6ADA-4BB7-9E0B-64123FA15D40}.Debug|Any CPU.Build.0 = Debug|Any CPU
		{C1BE7276-6ADA-4BB7-9E0B-64123FA15D40}.Release|Any CPU.ActiveCfg = Release|Any CPU
		{C1BE7276-6ADA-4BB7-9E0B-64123FA15D40}.Release|Any CPU.Build.0 = Release|Any CPU
		{C03423FE-6050-427F-B259-C42AD4D8BD9A}.Debug|Any CPU.ActiveCfg = Debug|Any CPU
		{C03423FE-6050-427F-B259-C42AD4D8BD9A}.Debug|Any CPU.Build.0 = Debug|Any CPU
		{C03423FE-6050-427F-B259-C42AD4D8BD9A}.Release|Any CPU.ActiveCfg = Release|Any CPU
		{C03423FE-6050-427F-B259-C42AD4D8BD9A}.Release|Any CPU.Build.0 = Release|Any CPU
		{22D18B41-5F11-4181-B8E6-9B5E0637A739}.Debug|Any CPU.ActiveCfg = Debug|Any CPU
		{22D18B41-5F11-4181-B8E6-9B5E0637A739}.Debug|Any CPU.Build.0 = Debug|Any CPU
		{22D18B41-5F11-4181-B8E6-9B5E0637A739}.Release|Any CPU.ActiveCfg = Release|Any CPU
		{22D18B41-5F11-4181-B8E6-9B5E0637A739}.Release|Any CPU.Build.0 = Release|Any CPU
	EndGlobalSection
	GlobalSection(SolutionProperties) = preSolution
		HideSolutionNode = FALSE
	EndGlobalSection
	GlobalSection(NestedProjects) = preSolution
		{D5C2F6DB-26E7-415C-89E9-97B4C83E09AB} = {5AF7DD1A-2D29-4F0F-9CA3-73A87EFC41DC}
		{388E7A75-23D4-484B-8F5B-CA44195C9A0F} = {20A37C8B-4ECF-445A-99A4-AD9E2E6B513C}
		{FC8A9DDD-9E02-42FA-B8A9-43B4CC648604} = {5AF7DD1A-2D29-4F0F-9CA3-73A87EFC41DC}
		{BB1B1349-8F1F-45BA-9674-A5789DB7B2BB} = {5AF7DD1A-2D29-4F0F-9CA3-73A87EFC41DC}
		{C1BE7276-6ADA-4BB7-9E0B-64123FA15D40} = {20A37C8B-4ECF-445A-99A4-AD9E2E6B513C}
		{C03423FE-6050-427F-B259-C42AD4D8BD9A} = {5AF7DD1A-2D29-4F0F-9CA3-73A87EFC41DC}
		{22D18B41-5F11-4181-B8E6-9B5E0637A739} = {5AF7DD1A-2D29-4F0F-9CA3-73A87EFC41DC}
	EndGlobalSection
	GlobalSection(ExtensibilityGlobals) = postSolution
		SolutionGuid = {309852F6-0DE5-40CB-8AD7-0290AD52D2C6}
	EndGlobalSection
EndGlobal
