
Microsoft Visual Studio Solution File, Format Version 12.00
# Visual Studio 15
VisualStudioVersion = 15.0.27130.2010
MinimumVisualStudioVersion = 10.0.40219.1
Project("{9A19103F-16F7-4668-BE54-9A1E7A4F7556}") = "PerfIt", "src\PerfIt\PerfIt.csproj", "{D5C2F6DB-26E7-415C-89E9-97B4C83E09AB}"
EndProject
Project("{2150E333-8FDC-42A3-9474-1A3956D46DE8}") = "src", "src", "{5AF7DD1A-2D29-4F0F-9CA3-73A87EFC41DC}"
EndProject
Project("{2150E333-8FDC-42A3-9474-1A3956D46DE8}") = "test", "test", "{20A37C8B-4ECF-445A-99A4-AD9E2E6B513C}"
EndProject
Project("{2150E333-8FDC-42A3-9474-1A3956D46DE8}") = "common", "common", "{0AF64064-0911-4D53-9200-817ED7216654}"
	ProjectSection(SolutionItems) = preProject
		src\Common\CommonAssemblyInfo.cs = src\Common\CommonAssemblyInfo.cs
	EndProjectSection
EndProject
Project("{FAE04EC0-301F-11D3-BF4B-00C04F79EFBC}") = "PerfIt.Tests", "test\PerfIt.Tests\PerfIt.Tests.csproj", "{061A498A-632C-4B45-9557-7AC321794AA0}"
EndProject
Global
	GlobalSection(SolutionConfigurationPlatforms) = preSolution
		Debug|Any CPU = Debug|Any CPU
		Release|Any CPU = Release|Any CPU
	EndGlobalSection
	GlobalSection(ProjectConfigurationPlatforms) = postSolution
		{D5C2F6DB-26E7-415C-89E9-97B4C83E09AB}.Debug|Any CPU.ActiveCfg = Debug|Any CPU
		{D5C2F6DB-26E7-415C-89E9-97B4C83E09AB}.Debug|Any CPU.Build.0 = Debug|Any CPU
		{D5C2F6DB-26E7-415C-89E9-97B4C83E09AB}.Release|Any CPU.ActiveCfg = Release|Any CPU
		{D5C2F6DB-26E7-415C-89E9-97B4C83E09AB}.Release|Any CPU.Build.0 = Release|Any CPU
		{061A498A-632C-4B45-9557-7AC321794AA0}.Debug|Any CPU.ActiveCfg = Debug|Any CPU
		{061A498A-632C-4B45-9557-7AC321794AA0}.Debug|Any CPU.Build.0 = Debug|Any CPU
		{061A498A-632C-4B45-9557-7AC321794AA0}.Release|Any CPU.ActiveCfg = Release|Any CPU
		{061A498A-632C-4B45-9557-7AC321794AA0}.Release|Any CPU.Build.0 = Release|Any CPU
	EndGlobalSection
	GlobalSection(SolutionProperties) = preSolution
		HideSolutionNode = FALSE
	EndGlobalSection
	GlobalSection(NestedProjects) = preSolution
		{D5C2F6DB-26E7-415C-89E9-97B4C83E09AB} = {5AF7DD1A-2D29-4F0F-9CA3-73A87EFC41DC}
	EndGlobalSection
	GlobalSection(ExtensibilityGlobals) = postSolution
		SolutionGuid = {309852F6-0DE5-40CB-8AD7-0290AD52D2C6}
	EndGlobalSection
EndGlobal
